# THIS IS AN AUTOGENERATED FILE. DO NOT EDIT THIS FILE DIRECTLY.
# yarn lockfile v1


zustand@^5.0.7:
  version "5.0.7"
  resolved "https://registry.yarnpkg.com/zustand/-/zustand-5.0.7.tgz#e325364e82c992a84bf386d8445aa7f180c450dc"
  integrity sha512-Ot6uqHDW/O2VdYsKLLU8GQu8sCOM1LcoE8RwvLv9uuRT9s6SOHCKs0ZEOhxg+I1Ld+A1Q5lwx+UlKXXUoCZITg==
